<?xml version="1.0" encoding="utf-8"?>
<Project ToolsVersion="4.0" xmlns="http://schemas.microsoft.com/developer/msbuild/2003">
  <ItemGroup>
    <Filter Include="Source Files">
      <UniqueIdentifier>{1CE7027B-7E25-4A75-980A-4976F49D7233}</UniqueIdentifier>
    </Filter>
    <Filter Include="Header Files">
      <UniqueIdentifier>{275D61C3-6D3F-40BA-A37A-19A9DCC445C4}</UniqueIdentifier>
    </Filter>
    <Filter Include="Assets">
      <UniqueIdentifier>{F7DC889A-63DA-439B-BE89-56F94A8D2994}</UniqueIdentifier>
    </Filter>
  </ItemGroup>
  <ItemGroup>
    <ClCompile Include="pch.cpp"><Filter>Source Files</Filter></ClCompile>
    <ClCompile Include="AppV08.cpp"><Filter>Source Files</Filter></ClCompile>
    <ClCompile Include="PeriodSearchXbox.cpp"><Filter>Source Files</Filter></ClCompile>
    <ClCompile Include="..\..\client\xbox\xbox_platform.cpp"><Filter>Source Files</Filter></ClCompile>
  </ItemGroup>
  <ItemGroup>
    <ClInclude Include="pch.h"><Filter>Header Files</Filter></ClInclude>
    <ClInclude Include="App.xaml.h"><Filter>Header Files</Filter></ClInclude>
    <ClInclude Include="PeriodSearchXbox.h"><Filter>Header Files</Filter></ClInclude>
    <ClInclude Include="PeriodSearchShim\boinc_win.h"><Filter>Header Files</Filter></ClInclude>
    <ClInclude Include="PeriodSearchShim\str_util.h"><Filter>Header Files</Filter></ClInclude>
    <ClInclude Include="PeriodSearchShim\util.h"><Filter>Header Files</Filter></ClInclude>
    <ClInclude Include="PeriodSearchShim\filesys.h"><Filter>Header Files</Filter></ClInclude>
    <ClInclude Include="PeriodSearchShim\boinc_api.h"><Filter>Header Files</Filter></ClInclude>
    <ClInclude Include="PeriodSearchShim\mfile.h"><Filter>Header Files</Filter></ClInclude>
    <ClInclude Include="PeriodSearchShim\graphics2.h"><Filter>Header Files</Filter></ClInclude>
    <ClInclude Include="..\..\client\xbox\xbox_platform.h"><Filter>Header Files</Filter></ClInclude>
  </ItemGroup>
  <ItemGroup>
    <Image Include="Assets\Square44x44Logo.png"><Filter>Assets</Filter></Image>
    <Image Include="Assets\Square150x150Logo.png"><Filter>Assets</Filter></Image>
    <Image Include="Assets\Wide310x150Logo.png"><Filter>Assets</Filter></Image>
    <Image Include="Assets\StoreLogo.png"><Filter>Assets</Filter></Image>
    <Image Include="Assets\SplashScreen.png"><Filter>Assets</Filter></Image>
  </ItemGroup>
</Project>
